
Microsoft Visual Studio Solution File, Format Version 12.00
# Visual Studio Version 16
VisualStudioVersion = 16.0.32630.194
MinimumVisualStudioVersion = 10.0.40219.1
Project("{FAE04EC0-301F-11D3-BF4B-00C04F79EFBC}") = "KOI_Conferences", "KOI_Conferences\KOI_Conferences.csproj", "{29E5A7EB-7D91-4D9B-9704-D396A47AA01E}"
EndProject
Global
	GlobalSection(SolutionConfigurationPlatforms) = preSolution
		Debug|Any CPU = Debug|Any CPU
		Release|Any CPU = Release|Any CPU
	EndGlobalSection
	GlobalSection(ProjectConfigurationPlatforms) = postSolution
		{29E5A7EB-7D91-4D9B-9704-D396A47AA01E}.Debug|Any CPU.ActiveCfg = Debug|Any CPU
		{29E5A7EB-7D91-4D9B-9704-D396A47AA01E}.Debug|Any CPU.Build.0 = Debug|Any CPU
		{29E5A7EB-7D91-4D9B-9704-D396A47AA01E}.Release|Any CPU.ActiveCfg = Release|Any CPU
		{29E5A7EB-7D91-4D9B-9704-D396A47AA01E}.Release|Any CPU.Build.0 = Release|Any CPU
	EndGlobalSection
	GlobalSection(SolutionProperties) = preSolution
		HideSolutionNode = FALSE
	EndGlobalSection
	GlobalSection(ExtensibilityGlobals) = postSolution
		SolutionGuid = {BA5CC715-6BCF-4745-A27C-05411049DCEB}
	EndGlobalSection
EndGlobal
